
Microsoft Visual Studio Solution File, Format Version 12.00
# Visual Studio Version 16
VisualStudioVersion = 16.0.31205.134
MinimumVisualStudioVersion = 10.0.40219.1
Project("{FAE04EC0-301F-11D3-BF4B-00C04F79EFBC}") = "HangmanComp", "HangmanComp\HangmanComp.csproj", "{AD296D60-D182-42ED-8AEA-B3079EF27AED}"
EndProject
Global
	GlobalSection(SolutionConfigurationPlatforms) = preSolution
		Debug|Any CPU = Debug|Any CPU
		Release|Any CPU = Release|Any CPU
	EndGlobalSection
	GlobalSection(ProjectConfigurationPlatforms) = postSolution
		{AD296D60-D182-42ED-8AEA-B3079EF27AED}.Debug|Any CPU.ActiveCfg = Debug|Any CPU
		{AD296D60-D182-42ED-8AEA-B3079EF27AED}.Debug|Any CPU.Build.0 = Debug|Any CPU
		{AD296D60-D182-42ED-8AEA-B3079EF27AED}.Release|Any CPU.ActiveCfg = Release|Any CPU
		{AD296D60-D182-42ED-8AEA-B3079EF27AED}.Release|Any CPU.Build.0 = Release|Any CPU
	EndGlobalSection
	GlobalSection(SolutionProperties) = preSolution
		HideSolutionNode = FALSE
	EndGlobalSection
	GlobalSection(ExtensibilityGlobals) = postSolution
		SolutionGuid = {D39E4436-3018-4CEE-881D-37462E00D5E5}
	EndGlobalSection
EndGlobal
